#MicroXplorer Configuration settings - do not modify
Mcu.Family=STM32G0
ProjectManager.MainLocation=Core/Src
Dma.UCPD1_RX.0.SignalID=NONE
RCC.USART1Freq_Value=64000000
RCC.CortexFreq_Value=64000000
ProjectManager.KeepUserCode=true
Mcu.UserName=STM32G071RBTx
ADC1.Overrun=ADC_OVR_DATA_OVERWRITTEN
ADC1.ContinuousConvMode=ENABLE
Dma.UCPD1_RX.0.PeriphInc=DMA_PINC_DISABLE
Dma.UCPD1_RX.0.Priority=DMA_PRIORITY_LOW
Dma.UCPD1_TX.1.RequestNumber=1
Dma.UCPD1_TX.1.Polarity=HAL_DMAMUX_REQ_GEN_RISING
ProjectManager.functionlistsort=1-MX_GPIO_Init-GPIO-false-HAL-true,2-MX_DMA_Init-DMA-false-HAL-true,3-SystemClock_Config-RCC-false-HAL-false,4-MX_UCPD1_Init-UCPD1-false-LL-true,5-MX_ADC1_Init-ADC1-false-HAL-true,6-MX_LPUART1_UART_Init-LPUART1-false-LL-true,7-MX_USBPD_Init-USBPD-false-HAL-false,8-MX_GUI_INTERFACE_Init-GUI_INTERFACE-false-HAL-true,9-MX_TRACER_EMB_Init-TRACER_EMB-false-HAL-true
RCC.USART2Freq_Value=64000000
ADC1.SamplingTimeCommon2=ADC_SAMPLETIME_160CYCLES_5
NVIC.SVC_IRQn=true\:0\:0\:false\:false\:false\:false\:false\:false
ADC1.SamplingTimeCommon1=ADC_SAMPLETIME_160CYCLES_5
VP_USBPD_VS_USBPD1.Signal=USBPD_VS_USBPD1
PB15.Signal=UCPD1_CC2
PinOutPanel.RotationAngle=0
RCC.MCO1PinFreq_Value=64000000
RCC.SYSCLKSource=RCC_SYSCLKSOURCE_PLLCLK
ProjectManager.StackSize=0x400
Dma.UCPD1_TX.1.MemDataAlignment=DMA_MDATAALIGN_BYTE
RCC.LPTIM1Freq_Value=64000000
Mcu.IP4=LPUART1
Mcu.IP5=NVIC
RCC.FCLKCortexFreq_Value=64000000
Mcu.IP2=FREERTOS
Mcu.IP3=GUI_INTERFACE
Mcu.IP0=ADC1
Mcu.IP1=DMA
Dma.LPUART1_TX.2.Polarity=HAL_DMAMUX_REQ_GEN_RISING
Mcu.UserConstants=VDDA_APPLI,3300
Mcu.ThirdPartyNb=0
Dma.UCPD1_TX.1.SyncEnable=DISABLE
RCC.HCLKFreq_Value=64000000
Dma.UCPD1_RX.0.Instance=DMA1_Channel1
Dma.LPUART1_TX.2.Priority=DMA_PRIORITY_LOW
Mcu.IPNb=11
ProjectManager.PreviousToolchain=
Mcu.Pin6=VP_GUI_INTERFACE_VS_gui_interface
Mcu.Pin7=VP_SYS_VS_Systick
Mcu.Pin8=VP_SYS_VS_DBSignals
Mcu.Pin9=VP_TRACER_EMB_VS_traceremb_lpuart1
FREERTOS.IPParameters=Tasks01,configTOTAL_HEAP_SIZE
RCC.AHBFreq_Value=64000000
Mcu.Pin0=PA2
Mcu.Pin1=PA3
Mcu.Pin2=PB1
Mcu.Pin3=PB15
Mcu.Pin4=PA8
Mcu.Pin5=VP_FREERTOS_VS_CMSIS_V1
Dma.LPUART1_TX.2.PeriphDataAlignment=DMA_PDATAALIGN_BYTE
ADC1.Channel-0\#ChannelRegularConversion=ADC_CHANNEL_9
ProjectManager.ProjectBuild=false
RCC.HSE_VALUE=8000000
Mcu.IP10=USBPD
NVIC.SysTick_IRQn=true\:3\:0\:false\:false\:true\:true\:false\:true
VP_USBPD_VS_PD3FULL.Mode=PD3_Full_Stack
ProjectManager.FirmwarePackage=STM32Cube FW_G0 V1.4.1
VP_GUI_INTERFACE_VS_gui_interface.Signal=GUI_INTERFACE_VS_gui_interface
MxDb.Version=DB.6.0.20
ProjectManager.BackupPrevious=false
RCC.VCOInputFreq_Value=16000000
Dma.UCPD1_RX.0.RequestNumber=1
VP_GUI_INTERFACE_VS_gui_interface.Mode=GUI_INTERFACE
PB1.GPIO_Label=VSENSE
Dma.UCPD1_TX.1.MemInc=DMA_MINC_ENABLE
File.Version=6
VP_SYS_VS_DBSignals.Mode=DisableDeadBatterySignals
PA8.Signal=UCPD1_CC1
RCC.PLLRCLKFreq_Value=64000000
NVIC.PendSV_IRQn=true\:3\:0\:false\:false\:false\:true\:false\:false
VP_FREERTOS_VS_CMSIS_V1.Mode=CMSIS_V1
Dma.LPUART1_TX.2.SyncSignalID=NONE
Dma.RequestsNb=3
ProjectManager.HalAssertFull=false
ADC1.SamplingTime-0\#ChannelRegularConversion=ADC_SAMPLINGTIME_COMMON_1
FREERTOS.configTOTAL_HEAP_SIZE=5000
ProjectManager.ProjectName=usb_delivery
RCC.TIM1Freq_Value=64000000
ADC1.SelectedChannel=ADC_CHANNEL_9
VP_USBPD_VS_usbpd_traceremb.Mode=TRACER_EMB
Dma.UCPD1_RX.0.SyncSignalID=NONE
Mcu.Package=LQFP64
PB1.Signal=ADC1_IN9
RCC.TIM15Freq_Value=64000000
VP_USBPD_VS_PD3FULL.Signal=USBPD_VS_PD3FULL
RCC.APBFreq_Value=64000000
VP_TRACER_EMB_VS_traceremb_lpuart1.Signal=TRACER_EMB_VS_traceremb_lpuart1
ProjectManager.ToolChainLocation=
Dma.UCPD1_RX.0.Mode=DMA_NORMAL
RCC.LSI_VALUE=32000
VP_SYS_VS_Systick.Signal=SYS_VS_Systick
RCC.LSCOPinFreq_Value=32000
Dma.LPUART1_TX.2.RequestParameters=Instance,Direction,PeriphInc,MemInc,PeriphDataAlignment,MemDataAlignment,Mode,Priority,SignalID,Polarity,RequestNumber,SyncSignalID,SyncPolarity,SyncEnable,EventEnable,SyncRequestNumber
Dma.LPUART1_TX.2.SyncEnable=DISABLE
Dma.LPUART1_TX.2.Instance=DMA1_Channel3
RCC.PLLPoutputFreq_Value=64000000
Dma.Request2=LPUART1_TX
RCC.CECFreq_Value=32786.88524590164
Dma.Request1=UCPD1_TX
RCC.LPUART1Freq_Value=64000000
GUI_INTERFACE.IPParameters=HWBoardVersionName,PDTypeName
Dma.LPUART1_TX.2.Direction=DMA_MEMORY_TO_PERIPH
GUI_INTERFACE.PDTypeName=Sink
Dma.Request0=UCPD1_RX
ProjectManager.CustomerFirmwarePackage=
Dma.LPUART1_TX.2.RequestNumber=1
PA3.Signal=LPUART1_RX
PA2.Locked=true
RCC.PLLQoutputFreq_Value=64000000
ProjectManager.ProjectFileName=usb_delivery.ioc
FREERTOS.Tasks01=defaultTask,0,128,StartDefaultTask,Default,NULL,Dynamic,NULL,NULL
ADC1.Rank-0\#ChannelRegularConversion=1
Mcu.PinsNb=14
ProjectManager.NoMain=false
ADC1.IPParameters=Rank-0\#ChannelRegularConversion,master,Channel-0\#ChannelRegularConversion,SelectedChannel,SamplingTime-0\#ChannelRegularConversion,NbrOfConversionFlag,ClockPrescaler,ContinuousConvMode,Overrun,SamplingTimeCommon1,SamplingTimeCommon2
Dma.UCPD1_RX.0.RequestParameters=Instance,Direction,PeriphInc,MemInc,PeriphDataAlignment,MemDataAlignment,Mode,Priority,SignalID,Polarity,RequestNumber,SyncSignalID,SyncPolarity,SyncEnable,EventEnable,SyncRequestNumber
NVIC.SavedSvcallIrqHandlerGenerated=true
Dma.LPUART1_TX.2.SyncRequestNumber=1
USBPD.IPParameters=PE_SpecRevision_P0
RCC.EXTERNAL_CLOCK_VALUE=48000
ProjectManager.DefaultFWLocation=true
ProjectManager.DeletePrevious=true
Dma.UCPD1_TX.1.SignalID=NONE
RCC.FamilyName=M
Dma.UCPD1_RX.0.MemInc=DMA_MINC_ENABLE
Dma.UCPD1_TX.1.Direction=DMA_MEMORY_TO_PERIPH
Dma.LPUART1_TX.2.EventEnable=DISABLE
Dma.UCPD1_TX.1.Priority=DMA_PRIORITY_LOW
VP_USBPD_VS_USBPD1.Mode=USBPD_P0
PA3.Mode=Asynchronous
VP_FREERTOS_VS_CMSIS_V1.Signal=FREERTOS_VS_CMSIS_V1
ProjectManager.TargetToolchain=STM32CubeIDE
Dma.UCPD1_TX.1.SyncPolarity=HAL_DMAMUX_SYNC_NO_EVENT
Dma.UCPD1_TX.1.RequestParameters=Instance,Direction,PeriphInc,MemInc,PeriphDataAlignment,MemDataAlignment,Mode,Priority,SignalID,Polarity,RequestNumber,SyncSignalID,SyncPolarity,SyncEnable,EventEnable,SyncRequestNumber
USBPD.PE_SpecRevision_P0=USBPD_SPECIFICATION_REV3
RCC.I2S1Freq_Value=64000000
ProjectManager.RegisterCallBack=
RCC.LSE_VALUE=32768
NVIC.USART3_4_LPUART1_IRQn=true\:3\:0\:false\:false\:true\:true\:true\:true
PB1.Locked=true
Dma.UCPD1_TX.1.PeriphInc=DMA_PINC_DISABLE
NVIC.UCPD1_2_IRQn=true\:3\:0\:false\:false\:true\:true\:true\:false
board=custom
RCC.VCOOutputFreq_Value=128000000
ProjectManager.LastFirmware=true
PB15.Mode=Sink_AllSignals
NVIC.SavedSystickIrqHandlerGenerated=true
Dma.UCPD1_TX.1.PeriphDataAlignment=DMA_PDATAALIGN_BYTE
MxCube.Version=6.2.0
RCC.I2C1Freq_Value=64000000
VP_SYS_VS_DBSignals.Signal=SYS_VS_DBSignals
VP_USBPD_VS_usbpd_traceremb.Signal=USBPD_VS_usbpd_traceremb
Dma.UCPD1_RX.0.MemDataAlignment=DMA_MDATAALIGN_BYTE
RCC.ADCFreq_Value=64000000
VP_SYS_VS_Systick.Mode=SysTick
VP_USBPD_VS_usbpd_tim1.Signal=USBPD_VS_usbpd_tim1
NVIC.NonMaskableInt_IRQn=true\:0\:0\:false\:false\:true\:false\:false\:false
Dma.UCPD1_TX.1.Mode=DMA_NORMAL
Dma.UCPD1_RX.0.SyncEnable=DISABLE
Dma.LPUART1_TX.2.SignalID=NONE
Dma.UCPD1_RX.0.Direction=DMA_PERIPH_TO_MEMORY
Dma.UCPD1_TX.1.EventEnable=DISABLE
ProjectManager.FreePins=false
RCC.IPParameters=ADCFreq_Value,AHBFreq_Value,APBFreq_Value,APBTimFreq_Value,CECFreq_Value,CortexFreq_Value,EXTERNAL_CLOCK_VALUE,FCLKCortexFreq_Value,FamilyName,HCLKFreq_Value,HSE_VALUE,HSI_VALUE,I2C1Freq_Value,I2S1Freq_Value,LPTIM1Freq_Value,LPTIM2Freq_Value,LPUART1Freq_Value,LSCOPinFreq_Value,LSE_VALUE,LSI_VALUE,MCO1PinFreq_Value,PLLPoutputFreq_Value,PLLQoutputFreq_Value,PLLRCLKFreq_Value,PWRFreq_Value,SYSCLKFreq_VALUE,SYSCLKSource,TIM15Freq_Value,TIM1Freq_Value,USART1Freq_Value,USART2Freq_Value,VCOInputFreq_Value,VCOOutputFreq_Value
ProjectManager.AskForMigrate=true
Mcu.Name=STM32G071R(6-8-B)Tx
RCC.LPTIM2Freq_Value=64000000
NVIC.SavedPendsvIrqHandlerGenerated=true
PA2.Signal=LPUART1_TX
ProjectManager.UnderRoot=true
Mcu.IP8=TRACER_EMB
Mcu.IP9=UCPD1
Mcu.IP6=RCC
Dma.UCPD1_RX.0.SyncRequestNumber=1
Mcu.IP7=SYS
ProjectManager.CoupleFile=false
RCC.APBTimFreq_Value=64000000
RCC.SYSCLKFreq_VALUE=64000000
Dma.LPUART1_TX.2.SyncPolarity=HAL_DMAMUX_SYNC_NO_EVENT
ADC1.master=1
PA3.Locked=true
GUI_INTERFACE.HWBoardVersionName=NUCLEO-GO
NVIC.ForceEnableDMAVector=true
KeepUserPlacement=false
Dma.UCPD1_RX.0.SyncPolarity=HAL_DMAMUX_SYNC_NO_EVENT
ProjectManager.CompilerOptimize=6
ProjectManager.HeapSize=0x500
NVIC.HardFault_IRQn=true\:0\:0\:false\:false\:true\:false\:false\:false
PB1.Mode=IN9
Mcu.Pin13=VP_USBPD_VS_usbpd_traceremb
Dma.UCPD1_RX.0.EventEnable=DISABLE
Dma.UCPD1_RX.0.Polarity=HAL_DMAMUX_REQ_GEN_RISING
ProjectManager.ComputerToolchain=false
RCC.HSI_VALUE=16000000
ADC1.NbrOfConversionFlag=1
Mcu.Pin11=VP_USBPD_VS_PD3FULL
Dma.LPUART1_TX.2.MemDataAlignment=DMA_MDATAALIGN_BYTE
Mcu.Pin12=VP_USBPD_VS_usbpd_tim1
Mcu.Pin10=VP_USBPD_VS_USBPD1
NVIC.DMA1_Channel2_3_IRQn=true\:3\:0\:false\:false\:true\:true\:false\:true
PA2.Mode=Asynchronous
RCC.PWRFreq_Value=64000000
PA8.Mode=Sink_AllSignals
Dma.UCPD1_TX.1.SyncSignalID=NONE
Dma.UCPD1_RX.0.PeriphDataAlignment=DMA_PDATAALIGN_BYTE
NVIC.DMA1_Channel1_IRQn=true\:3\:0\:false\:false\:true\:true\:false\:true
Dma.UCPD1_TX.1.Instance=DMA1_Channel2
VP_TRACER_EMB_VS_traceremb_lpuart1.Mode=TRACER_EMB_LPUART1
Dma.LPUART1_TX.2.PeriphInc=DMA_PINC_DISABLE
ADC1.ClockPrescaler=ADC_CLOCK_SYNC_PCLK_DIV4
Dma.LPUART1_TX.2.Mode=DMA_NORMAL
VP_USBPD_VS_usbpd_tim1.Mode=TIM1
ProjectManager.DeviceId=STM32G071RBTx
ProjectManager.LibraryCopy=2
PB1.GPIOParameters=GPIO_Label
Dma.UCPD1_TX.1.SyncRequestNumber=1
Dma.LPUART1_TX.2.MemInc=DMA_MINC_ENABLE
isbadioc=false
